{
  "name": "posts",
  "lockfileVersion": 3,
  "requires": true,
  "packages": {
    "": {
      "devDependencies": {
        "@prettier/plugin-ruby": "^4.0.2",
        "prettier": "^3.0.3"
      }
    },
    "node_modules/@prettier/plugin-ruby": {
      "version": "4.0.2",
      "resolved": "https://registry.npmjs.org/@prettier/plugin-ruby/-/plugin-ruby-4.0.2.tgz",
      "integrity": "sha512-TOGsMoOLF0BLwRozqtTB/w7HpDHotDSBPfLsMBpCjlMONLSoCWBF1NhZQjiioyLim7tCltzFrCqZp11WcrPOzA==",
      "dev": true,
      "peerDependencies": {
        "prettier": "^3.0.0"
      }
    },
    "node_modules/prettier": {
      "version": "3.0.3",
      "resolved": "https://registry.npmjs.org/prettier/-/prettier-3.0.3.tgz",
      "integrity": "sha512-L/4pUDMxcNa8R/EthV08Zt42WBO4h1rarVtK0K+QJG0X187OLo7l699jWw0GKuwzkPQ//jMFA/8Xm6Fh3J/DAg==",
      "dev": true,
      "bin": {
        "prettier": "bin/prettier.cjs"
      },
      "engines": {
        "node": ">=14"
      },
      "funding": {
        "url": "https://github.com/prettier/prettier?sponsor=1"
      }
    }
  }
}
